
Microsoft Visual Studio Solution File, Format Version 12.00
# Visual Studio Version 17
VisualStudioVersion = 17.7.34018.315
MinimumVisualStudioVersion = 10.0.40219.1
Project("{9A19103F-16F7-4668-BE54-9A1E7A4F7556}") = "FairwayDrivingRange.Api", "FairwayDrivingRange.Api\FairwayDrivingRange.Api.csproj", "{E502032B-145D-4D02-AA8D-6F6F9D61CCB4}"
EndProject
Project("{9A19103F-16F7-4668-BE54-9A1E7A4F7556}") = "FairwayDrivingRange.Infrastructure", "FairwayDrivingRange.Infrastructure\FairwayDrivingRange.Infrastructure.csproj", "{BAF483D2-D8A3-48EC-A108-D01976A7B2EB}"
EndProject
Project("{9A19103F-16F7-4668-BE54-9A1E7A4F7556}") = "FairwayDrivingRange.Domain", "FairwayDrivingRange.Domain\FairwayDrivingRange.Domain.csproj", "{13A8BF56-BF14-45DE-9CC6-F3B9E308B1B9}"
EndProject
Project("{9A19103F-16F7-4668-BE54-9A1E7A4F7556}") = "FairwayDrivingRange.Shared", "FairwayDrivingRange.Shared\FairwayDrivingRange.Shared.csproj", "{2F47939C-1FD3-4B8C-B1E6-15AC4F7CDB73}"
EndProject
Project("{9A19103F-16F7-4668-BE54-9A1E7A4F7556}") = "FairwayDrivingRange.Test", "FairwayDrivingRange.Test\FairwayDrivingRange.Test.csproj", "{97D65398-E7AD-4192-B277-A164A8F3F56A}"
EndProject
Project("{FAE04EC0-301F-11D3-BF4B-00C04F79EFBC}") = "FairwayDrivingRange.Application", "FairwayDrivingRange.Application\FairwayDrivingRange.Application.csproj", "{CC187FAC-465D-474E-9737-F514F5F6A70F}"
EndProject
Global
	GlobalSection(SolutionConfigurationPlatforms) = preSolution
		Debug|Any CPU = Debug|Any CPU
		Release|Any CPU = Release|Any CPU
	EndGlobalSection
	GlobalSection(ProjectConfigurationPlatforms) = postSolution
		{E502032B-145D-4D02-AA8D-6F6F9D61CCB4}.Debug|Any CPU.ActiveCfg = Debug|Any CPU
		{E502032B-145D-4D02-AA8D-6F6F9D61CCB4}.Debug|Any CPU.Build.0 = Debug|Any CPU
		{E502032B-145D-4D02-AA8D-6F6F9D61CCB4}.Release|Any CPU.ActiveCfg = Release|Any CPU
		{E502032B-145D-4D02-AA8D-6F6F9D61CCB4}.Release|Any CPU.Build.0 = Release|Any CPU
		{BAF483D2-D8A3-48EC-A108-D01976A7B2EB}.Debug|Any CPU.ActiveCfg = Debug|Any CPU
		{BAF483D2-D8A3-48EC-A108-D01976A7B2EB}.Debug|Any CPU.Build.0 = Debug|Any CPU
		{BAF483D2-D8A3-48EC-A108-D01976A7B2EB}.Release|Any CPU.ActiveCfg = Release|Any CPU
		{BAF483D2-D8A3-48EC-A108-D01976A7B2EB}.Release|Any CPU.Build.0 = Release|Any CPU
		{13A8BF56-BF14-45DE-9CC6-F3B9E308B1B9}.Debug|Any CPU.ActiveCfg = Debug|Any CPU
		{13A8BF56-BF14-45DE-9CC6-F3B9E308B1B9}.Debug|Any CPU.Build.0 = Debug|Any CPU
		{13A8BF56-BF14-45DE-9CC6-F3B9E308B1B9}.Release|Any CPU.ActiveCfg = Release|Any CPU
		{13A8BF56-BF14-45DE-9CC6-F3B9E308B1B9}.Release|Any CPU.Build.0 = Release|Any CPU
		{2F47939C-1FD3-4B8C-B1E6-15AC4F7CDB73}.Debug|Any CPU.ActiveCfg = Debug|Any CPU
		{2F47939C-1FD3-4B8C-B1E6-15AC4F7CDB73}.Debug|Any CPU.Build.0 = Debug|Any CPU
		{2F47939C-1FD3-4B8C-B1E6-15AC4F7CDB73}.Release|Any CPU.ActiveCfg = Release|Any CPU
		{2F47939C-1FD3-4B8C-B1E6-15AC4F7CDB73}.Release|Any CPU.Build.0 = Release|Any CPU
		{97D65398-E7AD-4192-B277-A164A8F3F56A}.Debug|Any CPU.ActiveCfg = Debug|Any CPU
		{97D65398-E7AD-4192-B277-A164A8F3F56A}.Debug|Any CPU.Build.0 = Debug|Any CPU
		{97D65398-E7AD-4192-B277-A164A8F3F56A}.Release|Any CPU.ActiveCfg = Release|Any CPU
		{97D65398-E7AD-4192-B277-A164A8F3F56A}.Release|Any CPU.Build.0 = Release|Any CPU
		{CC187FAC-465D-474E-9737-F514F5F6A70F}.Debug|Any CPU.ActiveCfg = Debug|Any CPU
		{CC187FAC-465D-474E-9737-F514F5F6A70F}.Debug|Any CPU.Build.0 = Debug|Any CPU
		{CC187FAC-465D-474E-9737-F514F5F6A70F}.Release|Any CPU.ActiveCfg = Release|Any CPU
		{CC187FAC-465D-474E-9737-F514F5F6A70F}.Release|Any CPU.Build.0 = Release|Any CPU
	EndGlobalSection
	GlobalSection(SolutionProperties) = preSolution
		HideSolutionNode = FALSE
	EndGlobalSection
	GlobalSection(ExtensibilityGlobals) = postSolution
		SolutionGuid = {2FF98A64-8870-46AC-83D5-4BBF8181CC7F}
	EndGlobalSection
EndGlobal
